
Microsoft Visual Studio Solution File, Format Version 12.00
# Visual Studio Version 17
VisualStudioVersion = 17.6.33815.320
MinimumVisualStudioVersion = 10.0.40219.1
Project("{9A19103F-16F7-4668-BE54-9A1E7A4F7556}") = "CameraExposureComputer", "CameraExposureComputer\CameraExposureComputer.csproj", "{6EAA6D87-D9EE-40FF-89DB-DD8F371D83DF}"
EndProject
Global
	GlobalSection(SolutionConfigurationPlatforms) = preSolution
		Debug|Any CPU = Debug|Any CPU
		Release|Any CPU = Release|Any CPU
	EndGlobalSection
	GlobalSection(ProjectConfigurationPlatforms) = postSolution
		{6EAA6D87-D9EE-40FF-89DB-DD8F371D83DF}.Debug|Any CPU.ActiveCfg = Release|Any CPU
		{6EAA6D87-D9EE-40FF-89DB-DD8F371D83DF}.Debug|Any CPU.Build.0 = Release|Any CPU
		{6EAA6D87-D9EE-40FF-89DB-DD8F371D83DF}.Release|Any CPU.ActiveCfg = Release|Any CPU
		{6EAA6D87-D9EE-40FF-89DB-DD8F371D83DF}.Release|Any CPU.Build.0 = Release|Any CPU
	EndGlobalSection
	GlobalSection(SolutionProperties) = preSolution
		HideSolutionNode = FALSE
	EndGlobalSection
	GlobalSection(ExtensibilityGlobals) = postSolution
		SolutionGuid = {5FCDB82D-A880-454A-9855-5E383AC7299A}
	EndGlobalSection
EndGlobal
